// !$*UTF8*$!
{
	archiveVersion = 1;
	classes = {
	};
	objectVersion = 56;
	objects = {

/* Begin PBXBuildFile section */
		773C458629D76B010053F027 /* TurboDisablerPower.cpp in Sources */ = {isa = PBXBuildFile; fileRef = 773C458429D76B010053F027 /* TurboDisablerPower.cpp */; };
		773C458A29D76B180053F027 /* TurboDisablerProperties.cpp in Sources */ = {isa = PBXBuildFile; fileRef = 773C458829D76B180053F027 /* TurboDisablerProperties.cpp */; };
		773C45A529D793940053F027 /* TurboDisablerNVRAM.cpp in Sources */ = {isa = PBXBuildFile; fileRef = 773C45A429D793940053F027 /* TurboDisablerNVRAM.cpp */; };
		7796182229D87B0500EAF036 /* TurboDisablerClient.cpp in Sources */ = {isa = PBXBuildFile; fileRef = 7796181529D87AC100EAF036 /* TurboDisablerClient.cpp */; };
		7796182429D87C8900EAF036 /* settings.hpp in Headers */ = {isa = PBXBuildFile; fileRef = 7796182329D87C8900EAF036 /* settings.hpp */; };
		7796182629D87DAA00EAF036 /* IOKit.framework in Frameworks */ = {isa = PBXBuildFile; fileRef = 77B4CF6929CF80110017741B /* IOKit.framework */; };
		7796182729D87DC800EAF036 /* CoreFoundation.framework in Frameworks */ = {isa = PBXBuildFile; fileRef = 773C45A629D7948B0053F027 /* CoreFoundation.framework */; };
		77B1C27429D7A41600209E29 /* TurboDisablerCPU.cpp in Sources */ = {isa = PBXBuildFile; fileRef = 77B1C27329D7A41600209E29 /* TurboDisablerCPU.cpp */; };
		77B4CF5F29CF7F120017741B /* TurboDisabler.hpp in Headers */ = {isa = PBXBuildFile; fileRef = 77B4CF5E29CF7F120017741B /* TurboDisabler.hpp */; };
		77B4CF6129CF7F120017741B /* TurboDisabler.cpp in Sources */ = {isa = PBXBuildFile; fileRef = 77B4CF6029CF7F120017741B /* TurboDisabler.cpp */; };
		77B4CF6A29CF80120017741B /* IOKit.framework in Frameworks */ = {isa = PBXBuildFile; fileRef = 77B4CF6929CF80110017741B /* IOKit.framework */; };
		77BC219229E36FE600DBF137 /* TitleView.xib in Resources */ = {isa = PBXBuildFile; fileRef = 77BC219129E36FE600DBF137 /* TitleView.xib */; };
		77BC219429E37CBB00DBF137 /* TitleView.swift in Sources */ = {isa = PBXBuildFile; fileRef = 77BC219329E37CBB00DBF137 /* TitleView.swift */; };
		77BC219529E38FB000DBF137 /* AppDelegate.swift in Sources */ = {isa = PBXBuildFile; fileRef = 77E2BEAF29E3009A00442A6E /* AppDelegate.swift */; };
		77BC21F429E4F9DF00DBF137 /* InfoWindow.swift in Sources */ = {isa = PBXBuildFile; fileRef = 77BC21F329E4F9DF00DBF137 /* InfoWindow.swift */; };
		77BC21F629E4FBF100DBF137 /* InfoWindow.xib in Resources */ = {isa = PBXBuildFile; fileRef = 77BC21F529E4FBF100DBF137 /* InfoWindow.xib */; };
		77E2BEB229E3009A00442A6E /* ViewController.swift in Sources */ = {isa = PBXBuildFile; fileRef = 77E2BEB129E3009A00442A6E /* ViewController.swift */; };
		77E2BEB429E3009C00442A6E /* Assets.xcassets in Resources */ = {isa = PBXBuildFile; fileRef = 77E2BEB329E3009C00442A6E /* Assets.xcassets */; };
		77E2BEBD29E3012C00442A6E /* TurboDisablerClient.swift in Sources */ = {isa = PBXBuildFile; fileRef = 77E2BEBC29E3012C00442A6E /* TurboDisablerClient.swift */; };
		77E2BEBF29E301A900442A6E /* main.swift in Sources */ = {isa = PBXBuildFile; fileRef = 77E2BEBE29E301A900442A6E /* main.swift */; };
/* End PBXBuildFile section */

/* Begin PBXCopyFilesBuildPhase section */
		7796181929D87ADE00EAF036 /* CopyFiles */ = {
			isa = PBXCopyFilesBuildPhase;
			buildActionMask = 2147483647;
			dstPath = /usr/share/man/man1/;
			dstSubfolderSpec = 0;
			files = (
			);
			runOnlyForDeploymentPostprocessing = 1;
		};
/* End PBXCopyFilesBuildPhase section */

/* Begin PBXFileReference section */
		773C458429D76B010053F027 /* TurboDisablerPower.cpp */ = {isa = PBXFileReference; lastKnownFileType = sourcecode.cpp.cpp; path = TurboDisablerPower.cpp; sourceTree = "<group>"; };
		773C458829D76B180053F027 /* TurboDisablerProperties.cpp */ = {isa = PBXFileReference; lastKnownFileType = sourcecode.cpp.cpp; path = TurboDisablerProperties.cpp; sourceTree = "<group>"; };
		773C45A429D793940053F027 /* TurboDisablerNVRAM.cpp */ = {isa = PBXFileReference; lastKnownFileType = sourcecode.cpp.cpp; path = TurboDisablerNVRAM.cpp; sourceTree = "<group>"; };
		773C45A629D7948B0053F027 /* CoreFoundation.framework */ = {isa = PBXFileReference; lastKnownFileType = wrapper.framework; name = CoreFoundation.framework; path = System/Library/Frameworks/CoreFoundation.framework; sourceTree = SDKROOT; };
		7796181529D87AC100EAF036 /* TurboDisablerClient.cpp */ = {isa = PBXFileReference; lastKnownFileType = sourcecode.cpp.cpp; path = TurboDisablerClient.cpp; sourceTree = "<group>"; };
		7796181629D87AC100EAF036 /* TurboDisablerClient.hpp */ = {isa = PBXFileReference; lastKnownFileType = sourcecode.cpp.h; path = TurboDisablerClient.hpp; sourceTree = "<group>"; };
		7796181B29D87ADE00EAF036 /* TurboDisablerClient */ = {isa = PBXFileReference; explicitFileType = "compiled.mach-o.executable"; includeInIndex = 0; path = TurboDisablerClient; sourceTree = BUILT_PRODUCTS_DIR; };
		7796182329D87C8900EAF036 /* settings.hpp */ = {isa = PBXFileReference; lastKnownFileType = sourcecode.cpp.h; path = settings.hpp; sourceTree = "<group>"; };
		77B1C27329D7A41600209E29 /* TurboDisablerCPU.cpp */ = {isa = PBXFileReference; lastKnownFileType = sourcecode.cpp.cpp; path = TurboDisablerCPU.cpp; sourceTree = "<group>"; };
		77B1C27529D7A9AE00209E29 /* Kernel.framework */ = {isa = PBXFileReference; lastKnownFileType = wrapper.framework; name = Kernel.framework; path = System/Library/Frameworks/Kernel.framework; sourceTree = SDKROOT; };
		77B4CF5B29CF7F120017741B /* TurboDisabler.kext */ = {isa = PBXFileReference; explicitFileType = wrapper.cfbundle; includeInIndex = 0; path = TurboDisabler.kext; sourceTree = BUILT_PRODUCTS_DIR; };
		77B4CF5E29CF7F120017741B /* TurboDisabler.hpp */ = {isa = PBXFileReference; explicitFileType = sourcecode.cpp.h; path = TurboDisabler.hpp; sourceTree = "<group>"; };
		77B4CF6029CF7F120017741B /* TurboDisabler.cpp */ = {isa = PBXFileReference; explicitFileType = sourcecode.cpp.cpp; path = TurboDisabler.cpp; sourceTree = "<group>"; };
		77B4CF6229CF7F120017741B /* Info.plist */ = {isa = PBXFileReference; explicitFileType = text.plist.info; path = Info.plist; sourceTree = "<group>"; };
		77B4CF6929CF80110017741B /* IOKit.framework */ = {isa = PBXFileReference; lastKnownFileType = wrapper.framework; name = IOKit.framework; path = System/Library/Frameworks/IOKit.framework; sourceTree = SDKROOT; };
		77BC219129E36FE600DBF137 /* TitleView.xib */ = {isa = PBXFileReference; lastKnownFileType = file.xib; path = TitleView.xib; sourceTree = "<group>"; };
		77BC219329E37CBB00DBF137 /* TitleView.swift */ = {isa = PBXFileReference; fileEncoding = 4; lastKnownFileType = sourcecode.swift; path = TitleView.swift; sourceTree = "<group>"; };
		77BC21F329E4F9DF00DBF137 /* InfoWindow.swift */ = {isa = PBXFileReference; lastKnownFileType = sourcecode.swift; path = InfoWindow.swift; sourceTree = "<group>"; };
		77BC21F529E4FBF100DBF137 /* InfoWindow.xib */ = {isa = PBXFileReference; lastKnownFileType = file.xib; path = InfoWindow.xib; sourceTree = "<group>"; };
		77E2BEAD29E3009A00442A6E /* TurboDisablerGUI.app */ = {isa = PBXFileReference; explicitFileType = wrapper.application; includeInIndex = 0; path = TurboDisablerGUI.app; sourceTree = BUILT_PRODUCTS_DIR; };
		77E2BEAF29E3009A00442A6E /* AppDelegate.swift */ = {isa = PBXFileReference; explicitFileType = sourcecode.swift; path = AppDelegate.swift; sourceTree = "<group>"; };
		77E2BEB129E3009A00442A6E /* ViewController.swift */ = {isa = PBXFileReference; lastKnownFileType = sourcecode.swift; path = ViewController.swift; sourceTree = "<group>"; };
		77E2BEB329E3009C00442A6E /* Assets.xcassets */ = {isa = PBXFileReference; lastKnownFileType = folder.assetcatalog; path = Assets.xcassets; sourceTree = "<group>"; };
		77E2BEB829E3009C00442A6E /* TurboDisablerGUI.entitlements */ = {isa = PBXFileReference; lastKnownFileType = text.plist.entitlements; path = TurboDisablerGUI.entitlements; sourceTree = "<group>"; };
		77E2BEBC29E3012C00442A6E /* TurboDisablerClient.swift */ = {isa = PBXFileReference; lastKnownFileType = sourcecode.swift; path = TurboDisablerClient.swift; sourceTree = "<group>"; };
		77E2BEBE29E301A900442A6E /* main.swift */ = {isa = PBXFileReference; lastKnownFileType = sourcecode.swift; path = main.swift; sourceTree = "<group>"; };
/* End PBXFileReference section */

/* Begin PBXFrameworksBuildPhase section */
		7796181829D87ADE00EAF036 /* Frameworks */ = {
			isa = PBXFrameworksBuildPhase;
			buildActionMask = 2147483647;
			files = (
				7796182729D87DC800EAF036 /* CoreFoundation.framework in Frameworks */,
				7796182629D87DAA00EAF036 /* IOKit.framework in Frameworks */,
			);
			runOnlyForDeploymentPostprocessing = 0;
		};
		77B4CF5829CF7F120017741B /* Frameworks */ = {
			isa = PBXFrameworksBuildPhase;
			buildActionMask = 2147483647;
			files = (
				77B4CF6A29CF80120017741B /* IOKit.framework in Frameworks */,
			);
			runOnlyForDeploymentPostprocessing = 0;
		};
		77E2BEAA29E3009A00442A6E /* Frameworks */ = {
			isa = PBXFrameworksBuildPhase;
			buildActionMask = 2147483647;
			files = (
			);
			runOnlyForDeploymentPostprocessing = 0;
		};
/* End PBXFrameworksBuildPhase section */

/* Begin PBXGroup section */
		7796181429D87A9800EAF036 /* TurboDisablerClient */ = {
			isa = PBXGroup;
			children = (
				7796181529D87AC100EAF036 /* TurboDisablerClient.cpp */,
				7796181629D87AC100EAF036 /* TurboDisablerClient.hpp */,
			);
			path = TurboDisablerClient;
			sourceTree = "<group>";
		};
		77B4CF5129CF7F120017741B = {
			isa = PBXGroup;
			children = (
				7796181429D87A9800EAF036 /* TurboDisablerClient */,
				77B4CF5D29CF7F120017741B /* TurboDisabler */,
				77E2BEAE29E3009A00442A6E /* TurboDisablerGUI */,
				77B4CF5C29CF7F120017741B /* Products */,
				77B4CF6829CF80110017741B /* Frameworks */,
			);
			sourceTree = "<group>";
		};
		77B4CF5C29CF7F120017741B /* Products */ = {
			isa = PBXGroup;
			children = (
				77B4CF5B29CF7F120017741B /* TurboDisabler.kext */,
				7796181B29D87ADE00EAF036 /* TurboDisablerClient */,
				77E2BEAD29E3009A00442A6E /* TurboDisablerGUI.app */,
			);
			name = Products;
			sourceTree = "<group>";
		};
		77B4CF5D29CF7F120017741B /* TurboDisabler */ = {
			isa = PBXGroup;
			children = (
				77B4CF5E29CF7F120017741B /* TurboDisabler.hpp */,
				77B4CF6029CF7F120017741B /* TurboDisabler.cpp */,
				77B4CF6229CF7F120017741B /* Info.plist */,
				773C458429D76B010053F027 /* TurboDisablerPower.cpp */,
				773C458829D76B180053F027 /* TurboDisablerProperties.cpp */,
				773C45A429D793940053F027 /* TurboDisablerNVRAM.cpp */,
				77B1C27329D7A41600209E29 /* TurboDisablerCPU.cpp */,
				7796182329D87C8900EAF036 /* settings.hpp */,
			);
			path = TurboDisabler;
			sourceTree = "<group>";
		};
		77B4CF6829CF80110017741B /* Frameworks */ = {
			isa = PBXGroup;
			children = (
				77B1C27529D7A9AE00209E29 /* Kernel.framework */,
				773C45A629D7948B0053F027 /* CoreFoundation.framework */,
				77B4CF6929CF80110017741B /* IOKit.framework */,
			);
			name = Frameworks;
			sourceTree = "<group>";
		};
		77E2BEAE29E3009A00442A6E /* TurboDisablerGUI */ = {
			isa = PBXGroup;
			children = (
				77E2BEAF29E3009A00442A6E /* AppDelegate.swift */,
				77E2BEB129E3009A00442A6E /* ViewController.swift */,
				77E2BEB329E3009C00442A6E /* Assets.xcassets */,
				77E2BEB829E3009C00442A6E /* TurboDisablerGUI.entitlements */,
				77E2BEBC29E3012C00442A6E /* TurboDisablerClient.swift */,
				77E2BEBE29E301A900442A6E /* main.swift */,
				77BC219329E37CBB00DBF137 /* TitleView.swift */,
				77BC219129E36FE600DBF137 /* TitleView.xib */,
				77BC21F329E4F9DF00DBF137 /* InfoWindow.swift */,
				77BC21F529E4FBF100DBF137 /* InfoWindow.xib */,
			);
			path = TurboDisablerGUI;
			sourceTree = "<group>";
		};
/* End PBXGroup section */

/* Begin PBXHeadersBuildPhase section */
		77B4CF5629CF7F120017741B /* Headers */ = {
			isa = PBXHeadersBuildPhase;
			buildActionMask = 2147483647;
			files = (
				77B4CF5F29CF7F120017741B /* TurboDisabler.hpp in Headers */,
				7796182429D87C8900EAF036 /* settings.hpp in Headers */,
			);
			runOnlyForDeploymentPostprocessing = 0;
		};
/* End PBXHeadersBuildPhase section */

/* Begin PBXNativeTarget section */
		7796181A29D87ADE00EAF036 /* TurboDisablerClient */ = {
			isa = PBXNativeTarget;
			buildConfigurationList = 7796181F29D87ADF00EAF036 /* Build configuration list for PBXNativeTarget "TurboDisablerClient" */;
			buildPhases = (
				7796181729D87ADE00EAF036 /* Sources */,
				7796181829D87ADE00EAF036 /* Frameworks */,
				7796181929D87ADE00EAF036 /* CopyFiles */,
			);
			buildRules = (
			);
			dependencies = (
			);
			name = TurboDisablerClient;
			productName = TurboDisablerIOClient;
			productReference = 7796181B29D87ADE00EAF036 /* TurboDisablerClient */;
			productType = "com.apple.product-type.tool";
		};
		77B4CF5A29CF7F120017741B /* TurboDisabler */ = {
			isa = PBXNativeTarget;
			buildConfigurationList = 77B4CF6529CF7F120017741B /* Build configuration list for PBXNativeTarget "TurboDisabler" */;
			buildPhases = (
				77B4CF5629CF7F120017741B /* Headers */,
				77B4CF5729CF7F120017741B /* Sources */,
				77B4CF5829CF7F120017741B /* Frameworks */,
				77B4CF5929CF7F120017741B /* Resources */,
			);
			buildRules = (
			);
			dependencies = (
			);
			name = TurboDisabler;
			productName = TurboDisabler;
			productReference = 77B4CF5B29CF7F120017741B /* TurboDisabler.kext */;
			productType = "com.apple.product-type.kernel-extension";
		};
		77E2BEAC29E3009A00442A6E /* TurboDisablerGUI */ = {
			isa = PBXNativeTarget;
			buildConfigurationList = 77E2BEBB29E3009C00442A6E /* Build configuration list for PBXNativeTarget "TurboDisablerGUI" */;
			buildPhases = (
				77E2BEA929E3009A00442A6E /* Sources */,
				77E2BEAA29E3009A00442A6E /* Frameworks */,
				77E2BEAB29E3009A00442A6E /* Resources */,
			);
			buildRules = (
			);
			dependencies = (
			);
			name = TurboDisablerGUI;
			productName = TurboDisablerGUI;
			productReference = 77E2BEAD29E3009A00442A6E /* TurboDisablerGUI.app */;
			productType = "com.apple.product-type.application";
		};
/* End PBXNativeTarget section */

/* Begin PBXProject section */
		77B4CF5229CF7F120017741B /* Project object */ = {
			isa = PBXProject;
			attributes = {
				BuildIndependentTargetsInParallel = 1;
				LastSwiftUpdateCheck = 1430;
				LastUpgradeCheck = 1430;
				ORGANIZATIONNAME = st.notexi;
				TargetAttributes = {
					7796181A29D87ADE00EAF036 = {
						CreatedOnToolsVersion = 14.3;
					};
					77B4CF5A29CF7F120017741B = {
						CreatedOnToolsVersion = 14.2;
					};
					77E2BEAC29E3009A00442A6E = {
						CreatedOnToolsVersion = 14.3;
					};
				};
			};
			buildConfigurationList = 77B4CF5529CF7F120017741B /* Build configuration list for PBXProject "TurboDisabler" */;
			compatibilityVersion = "Xcode 14.0";
			developmentRegion = en;
			hasScannedForEncodings = 0;
			knownRegions = (
				en,
				Base,
			);
			mainGroup = 77B4CF5129CF7F120017741B;
			productRefGroup = 77B4CF5C29CF7F120017741B /* Products */;
			projectDirPath = "";
			projectRoot = "";
			targets = (
				77B4CF5A29CF7F120017741B /* TurboDisabler */,
				7796181A29D87ADE00EAF036 /* TurboDisablerClient */,
				77E2BEAC29E3009A00442A6E /* TurboDisablerGUI */,
			);
		};
/* End PBXProject section */

/* Begin PBXResourcesBuildPhase section */
		77B4CF5929CF7F120017741B /* Resources */ = {
			isa = PBXResourcesBuildPhase;
			buildActionMask = 2147483647;
			files = (
			);
			runOnlyForDeploymentPostprocessing = 0;
		};
		77E2BEAB29E3009A00442A6E /* Resources */ = {
			isa = PBXResourcesBuildPhase;
			buildActionMask = 2147483647;
			files = (
				77E2BEB429E3009C00442A6E /* Assets.xcassets in Resources */,
				77BC219229E36FE600DBF137 /* TitleView.xib in Resources */,
				77BC21F629E4FBF100DBF137 /* InfoWindow.xib in Resources */,
			);
			runOnlyForDeploymentPostprocessing = 0;
		};
/* End PBXResourcesBuildPhase section */

/* Begin PBXSourcesBuildPhase section */
		7796181729D87ADE00EAF036 /* Sources */ = {
			isa = PBXSourcesBuildPhase;
			buildActionMask = 2147483647;
			files = (
				7796182229D87B0500EAF036 /* TurboDisablerClient.cpp in Sources */,
			);
			runOnlyForDeploymentPostprocessing = 0;
		};
		77B4CF5729CF7F120017741B /* Sources */ = {
			isa = PBXSourcesBuildPhase;
			buildActionMask = 2147483647;
			files = (
				773C458629D76B010053F027 /* TurboDisablerPower.cpp in Sources */,
				773C45A529D793940053F027 /* TurboDisablerNVRAM.cpp in Sources */,
				77B1C27429D7A41600209E29 /* TurboDisablerCPU.cpp in Sources */,
				77B4CF6129CF7F120017741B /* TurboDisabler.cpp in Sources */,
				773C458A29D76B180053F027 /* TurboDisablerProperties.cpp in Sources */,
			);
			runOnlyForDeploymentPostprocessing = 0;
		};
		77E2BEA929E3009A00442A6E /* Sources */ = {
			isa = PBXSourcesBuildPhase;
			buildActionMask = 2147483647;
			files = (
				77E2BEB229E3009A00442A6E /* ViewController.swift in Sources */,
				77E2BEBF29E301A900442A6E /* main.swift in Sources */,
				77E2BEBD29E3012C00442A6E /* TurboDisablerClient.swift in Sources */,
				77BC219529E38FB000DBF137 /* AppDelegate.swift in Sources */,
				77BC219429E37CBB00DBF137 /* TitleView.swift in Sources */,
				77BC21F429E4F9DF00DBF137 /* InfoWindow.swift in Sources */,
			);
			runOnlyForDeploymentPostprocessing = 0;
		};
/* End PBXSourcesBuildPhase section */

/* Begin XCBuildConfiguration section */
		7796182029D87ADF00EAF036 /* Debug */ = {
			isa = XCBuildConfiguration;
			buildSettings = {
				CODE_SIGN_IDENTITY = "Apple Development";
				"CODE_SIGN_IDENTITY[sdk=macosx*]" = "Apple Distribution";
				CODE_SIGN_STYLE = Manual;
				DEAD_CODE_STRIPPING = YES;
				DEVELOPMENT_TEAM = "";
				"DEVELOPMENT_TEAM[sdk=macosx*]" = QRRA4KGJQM;
				ENABLE_HARDENED_RUNTIME = YES;
				MACOSX_DEPLOYMENT_TARGET = 13.3;
				PRODUCT_BUNDLE_IDENTIFIER = TurboDisabler;
				PRODUCT_NAME = "$(TARGET_NAME)";
				PROVISIONING_PROFILE_SPECIFIER = "";
			};
			name = Debug;
		};
		7796182129D87ADF00EAF036 /* Release */ = {
			isa = XCBuildConfiguration;
			buildSettings = {
				CODE_SIGN_IDENTITY = "Apple Development";
				"CODE_SIGN_IDENTITY[sdk=macosx*]" = "Apple Distribution";
				CODE_SIGN_STYLE = Manual;
				DEAD_CODE_STRIPPING = YES;
				DEVELOPMENT_TEAM = "";
				"DEVELOPMENT_TEAM[sdk=macosx*]" = QRRA4KGJQM;
				ENABLE_HARDENED_RUNTIME = YES;
				MACOSX_DEPLOYMENT_TARGET = 13.3;
				PRODUCT_BUNDLE_IDENTIFIER = TurboDisabler;
				PRODUCT_NAME = "$(TARGET_NAME)";
				PROVISIONING_PROFILE_SPECIFIER = "";
			};
			name = Release;
		};
		77B4CF6329CF7F120017741B /* Debug */ = {
			isa = XCBuildConfiguration;
			buildSettings = {
				ALWAYS_SEARCH_USER_PATHS = NO;
				CLANG_ANALYZER_NONNULL = YES;
				CLANG_ANALYZER_NUMBER_OBJECT_CONVERSION = YES_AGGRESSIVE;
				CLANG_CXX_LANGUAGE_STANDARD = "gnu++20";
				CLANG_ENABLE_MODULES = YES;
				CLANG_ENABLE_OBJC_ARC = YES;
				CLANG_ENABLE_OBJC_WEAK = YES;
				CLANG_WARN_BLOCK_CAPTURE_AUTORELEASING = YES;
				CLANG_WARN_BOOL_CONVERSION = YES;
				CLANG_WARN_COMMA = YES;
				CLANG_WARN_CONSTANT_CONVERSION = YES;
				CLANG_WARN_DEPRECATED_OBJC_IMPLEMENTATIONS = YES;
				CLANG_WARN_DIRECT_OBJC_ISA_USAGE = YES_ERROR;
				CLANG_WARN_DOCUMENTATION_COMMENTS = YES;
				CLANG_WARN_EMPTY_BODY = YES;
				CLANG_WARN_ENUM_CONVERSION = YES;
				CLANG_WARN_INFINITE_RECURSION = YES;
				CLANG_WARN_INT_CONVERSION = YES;
				CLANG_WARN_NON_LITERAL_NULL_CONVERSION = YES;
				CLANG_WARN_OBJC_IMPLICIT_RETAIN_SELF = YES;
				CLANG_WARN_OBJC_LITERAL_CONVERSION = YES;
				CLANG_WARN_OBJC_ROOT_CLASS = YES_ERROR;
				CLANG_WARN_QUOTED_INCLUDE_IN_FRAMEWORK_HEADER = YES;
				CLANG_WARN_RANGE_LOOP_ANALYSIS = YES;
				CLANG_WARN_STRICT_PROTOTYPES = YES;
				CLANG_WARN_SUSPICIOUS_MOVE = YES;
				CLANG_WARN_UNGUARDED_AVAILABILITY = YES_AGGRESSIVE;
				CLANG_WARN_UNREACHABLE_CODE = YES;
				CLANG_WARN__DUPLICATE_METHOD_MATCH = YES;
				COPY_PHASE_STRIP = NO;
				DEAD_CODE_STRIPPING = YES;
				DEBUG_INFORMATION_FORMAT = dwarf;
				ENABLE_STRICT_OBJC_MSGSEND = YES;
				ENABLE_TESTABILITY = YES;
				GCC_C_LANGUAGE_STANDARD = gnu11;
				GCC_DYNAMIC_NO_PIC = NO;
				GCC_NO_COMMON_BLOCKS = YES;
				GCC_OPTIMIZATION_LEVEL = 0;
				GCC_PREPROCESSOR_DEFINITIONS = (
					"DEBUG=1",
					"$(inherited)",
				);
				GCC_WARN_64_TO_32_BIT_CONVERSION = YES;
				GCC_WARN_ABOUT_RETURN_TYPE = YES_ERROR;
				GCC_WARN_UNDECLARED_SELECTOR = YES;
				GCC_WARN_UNINITIALIZED_AUTOS = YES_AGGRESSIVE;
				GCC_WARN_UNUSED_FUNCTION = YES;
				GCC_WARN_UNUSED_VARIABLE = YES;
				MACOSX_DEPLOYMENT_TARGET = 13.1;
				MTL_ENABLE_DEBUG_INFO = INCLUDE_SOURCE;
				MTL_FAST_MATH = YES;
				ONLY_ACTIVE_ARCH = YES;
				SDKROOT = macosx;
			};
			name = Debug;
		};
		77B4CF6429CF7F120017741B /* Release */ = {
			isa = XCBuildConfiguration;
			buildSettings = {
				ALWAYS_SEARCH_USER_PATHS = NO;
				CLANG_ANALYZER_NONNULL = YES;
				CLANG_ANALYZER_NUMBER_OBJECT_CONVERSION = YES_AGGRESSIVE;
				CLANG_CXX_LANGUAGE_STANDARD = "gnu++20";
				CLANG_ENABLE_MODULES = YES;
				CLANG_ENABLE_OBJC_ARC = YES;
				CLANG_ENABLE_OBJC_WEAK = YES;
				CLANG_WARN_BLOCK_CAPTURE_AUTORELEASING = YES;
				CLANG_WARN_BOOL_CONVERSION = YES;
				CLANG_WARN_COMMA = YES;
				CLANG_WARN_CONSTANT_CONVERSION = YES;
				CLANG_WARN_DEPRECATED_OBJC_IMPLEMENTATIONS = YES;
				CLANG_WARN_DIRECT_OBJC_ISA_USAGE = YES_ERROR;
				CLANG_WARN_DOCUMENTATION_COMMENTS = YES;
				CLANG_WARN_EMPTY_BODY = YES;
				CLANG_WARN_ENUM_CONVERSION = YES;
				CLANG_WARN_INFINITE_RECURSION = YES;
				CLANG_WARN_INT_CONVERSION = YES;
				CLANG_WARN_NON_LITERAL_NULL_CONVERSION = YES;
				CLANG_WARN_OBJC_IMPLICIT_RETAIN_SELF = YES;
				CLANG_WARN_OBJC_LITERAL_CONVERSION = YES;
				CLANG_WARN_OBJC_ROOT_CLASS = YES_ERROR;
				CLANG_WARN_QUOTED_INCLUDE_IN_FRAMEWORK_HEADER = YES;
				CLANG_WARN_RANGE_LOOP_ANALYSIS = YES;
				CLANG_WARN_STRICT_PROTOTYPES = YES;
				CLANG_WARN_SUSPICIOUS_MOVE = YES;
				CLANG_WARN_UNGUARDED_AVAILABILITY = YES_AGGRESSIVE;
				CLANG_WARN_UNREACHABLE_CODE = YES;
				CLANG_WARN__DUPLICATE_METHOD_MATCH = YES;
				COPY_PHASE_STRIP = NO;
				DEAD_CODE_STRIPPING = YES;
				DEBUG_INFORMATION_FORMAT = "dwarf-with-dsym";
				ENABLE_NS_ASSERTIONS = NO;
				ENABLE_STRICT_OBJC_MSGSEND = YES;
				GCC_C_LANGUAGE_STANDARD = gnu11;
				GCC_NO_COMMON_BLOCKS = YES;
				GCC_WARN_64_TO_32_BIT_CONVERSION = YES;
				GCC_WARN_ABOUT_RETURN_TYPE = YES_ERROR;
				GCC_WARN_UNDECLARED_SELECTOR = YES;
				GCC_WARN_UNINITIALIZED_AUTOS = YES_AGGRESSIVE;
				GCC_WARN_UNUSED_FUNCTION = YES;
				GCC_WARN_UNUSED_VARIABLE = YES;
				MACOSX_DEPLOYMENT_TARGET = 13.1;
				MTL_ENABLE_DEBUG_INFO = NO;
				MTL_FAST_MATH = YES;
				ONLY_ACTIVE_ARCH = YES;
				SDKROOT = macosx;
			};
			name = Release;
		};
		77B4CF6629CF7F120017741B /* Debug */ = {
			isa = XCBuildConfiguration;
			buildSettings = {
				CLANG_WARN_QUOTED_INCLUDE_IN_FRAMEWORK_HEADER = NO;
				CODE_SIGN_STYLE = Automatic;
				COMBINE_HIDPI_IMAGES = YES;
				CURRENT_PROJECT_VERSION = 1.1.0;
				DEAD_CODE_STRIPPING = YES;
				DEVELOPMENT_TEAM = QRRA4KGJQM;
				GENERATE_INFOPLIST_FILE = YES;
				INFOPLIST_FILE = TurboDisabler/Info.plist;
				INFOPLIST_KEY_NSHumanReadableCopyright = "Copyright ©2023 vik@notexi.st. All rights reserved.";
				MACOSX_DEPLOYMENT_TARGET = "$(RECOMMENDED_MACOSX_DEPLOYMENT_TARGET)";
				MARKETING_VERSION = 1.1;
				MODULE_NAME = st.notexi.TurboDisabler;
				MODULE_VERSION = 1.0.0d1;
				PRODUCT_BUNDLE_IDENTIFIER = st.notexi.TurboDisabler;
				PRODUCT_NAME = "$(TARGET_NAME)";
				RUN_CLANG_STATIC_ANALYZER = YES;
				SWIFT_EMIT_LOC_STRINGS = YES;
				WRAPPER_EXTENSION = kext;
			};
			name = Debug;
		};
		77B4CF6729CF7F120017741B /* Release */ = {
			isa = XCBuildConfiguration;
			buildSettings = {
				CLANG_WARN_QUOTED_INCLUDE_IN_FRAMEWORK_HEADER = NO;
				CODE_SIGN_STYLE = Automatic;
				COMBINE_HIDPI_IMAGES = YES;
				CURRENT_PROJECT_VERSION = 1.1.0;
				DEAD_CODE_STRIPPING = YES;
				DEVELOPMENT_TEAM = QRRA4KGJQM;
				GENERATE_INFOPLIST_FILE = YES;
				INFOPLIST_FILE = TurboDisabler/Info.plist;
				INFOPLIST_KEY_NSHumanReadableCopyright = "Copyright ©2023 vik@notexi.st. All rights reserved.";
				MACOSX_DEPLOYMENT_TARGET = "$(RECOMMENDED_MACOSX_DEPLOYMENT_TARGET)";
				MARKETING_VERSION = 1.1;
				MODULE_NAME = st.notexi.TurboDisabler;
				MODULE_VERSION = 1.0.0d1;
				ONLY_ACTIVE_ARCH = YES;
				PRODUCT_BUNDLE_IDENTIFIER = st.notexi.TurboDisabler;
				PRODUCT_NAME = "$(TARGET_NAME)";
				RUN_CLANG_STATIC_ANALYZER = YES;
				SWIFT_EMIT_LOC_STRINGS = YES;
				WRAPPER_EXTENSION = kext;
			};
			name = Release;
		};
		77E2BEB929E3009C00442A6E /* Debug */ = {
			isa = XCBuildConfiguration;
			buildSettings = {
				ASSETCATALOG_COMPILER_APPICON_NAME = AppIcon;
				ASSETCATALOG_COMPILER_GLOBAL_ACCENT_COLOR_NAME = AccentColor;
				CODE_SIGN_ENTITLEMENTS = TurboDisablerGUI/TurboDisablerGUI.entitlements;
				CODE_SIGN_STYLE = Automatic;
				COMBINE_HIDPI_IMAGES = YES;
				CURRENT_PROJECT_VERSION = 1;
				DEVELOPMENT_TEAM = QRRA4KGJQM;
				ENABLE_HARDENED_RUNTIME = YES;
				GENERATE_INFOPLIST_FILE = YES;
				INFOPLIST_KEY_CFBundleDisplayName = TurboDisabler;
				INFOPLIST_KEY_LSApplicationCategoryType = "public.app-category.utilities";
				INFOPLIST_KEY_LSUIElement = YES;
				INFOPLIST_KEY_NSHumanReadableCopyright = "Copyright © 2023 st.notexi. All rights reserved.";
				INFOPLIST_KEY_NSMainStoryboardFile = "";
				INFOPLIST_KEY_NSPrincipalClass = NSApplication;
				LD_RUNPATH_SEARCH_PATHS = (
					"$(inherited)",
					"@executable_path/../Frameworks",
				);
				MACOSX_DEPLOYMENT_TARGET = 11.0;
				MARKETING_VERSION = 1.0;
				PRODUCT_BUNDLE_IDENTIFIER = st.notexi.TurboDisablerGUI;
				PRODUCT_NAME = "$(TARGET_NAME)";
				SWIFT_ACTIVE_COMPILATION_CONDITIONS = DEBUG;
				SWIFT_EMIT_LOC_STRINGS = YES;
				SWIFT_OPTIMIZATION_LEVEL = "-Onone";
				SWIFT_VERSION = 5.0;
			};
			name = Debug;
		};
		77E2BEBA29E3009C00442A6E /* Release */ = {
			isa = XCBuildConfiguration;
			buildSettings = {
				ASSETCATALOG_COMPILER_APPICON_NAME = AppIcon;
				ASSETCATALOG_COMPILER_GLOBAL_ACCENT_COLOR_NAME = AccentColor;
				CODE_SIGN_ENTITLEMENTS = TurboDisablerGUI/TurboDisablerGUI.entitlements;
				CODE_SIGN_STYLE = Automatic;
				COMBINE_HIDPI_IMAGES = YES;
				CURRENT_PROJECT_VERSION = 1;
				DEVELOPMENT_TEAM = QRRA4KGJQM;
				ENABLE_HARDENED_RUNTIME = YES;
				GENERATE_INFOPLIST_FILE = YES;
				INFOPLIST_KEY_CFBundleDisplayName = TurboDisabler;
				INFOPLIST_KEY_LSApplicationCategoryType = "public.app-category.utilities";
				INFOPLIST_KEY_LSUIElement = YES;
				INFOPLIST_KEY_NSHumanReadableCopyright = "Copyright © 2023 st.notexi. All rights reserved.";
				INFOPLIST_KEY_NSMainStoryboardFile = "";
				INFOPLIST_KEY_NSPrincipalClass = NSApplication;
				LD_RUNPATH_SEARCH_PATHS = (
					"$(inherited)",
					"@executable_path/../Frameworks",
				);
				MACOSX_DEPLOYMENT_TARGET = 11.0;
				MARKETING_VERSION = 1.0;
				PRODUCT_BUNDLE_IDENTIFIER = st.notexi.TurboDisablerGUI;
				PRODUCT_NAME = "$(TARGET_NAME)";
				SWIFT_COMPILATION_MODE = wholemodule;
				SWIFT_EMIT_LOC_STRINGS = YES;
				SWIFT_OPTIMIZATION_LEVEL = "-O";
				SWIFT_VERSION = 5.0;
			};
			name = Release;
		};
/* End XCBuildConfiguration section */

/* Begin XCConfigurationList section */
		7796181F29D87ADF00EAF036 /* Build configuration list for PBXNativeTarget "TurboDisablerClient" */ = {
			isa = XCConfigurationList;
			buildConfigurations = (
				7796182029D87ADF00EAF036 /* Debug */,
				7796182129D87ADF00EAF036 /* Release */,
			);
			defaultConfigurationIsVisible = 0;
			defaultConfigurationName = Release;
		};
		77B4CF5529CF7F120017741B /* Build configuration list for PBXProject "TurboDisabler" */ = {
			isa = XCConfigurationList;
			buildConfigurations = (
				77B4CF6329CF7F120017741B /* Debug */,
				77B4CF6429CF7F120017741B /* Release */,
			);
			defaultConfigurationIsVisible = 0;
			defaultConfigurationName = Release;
		};
		77B4CF6529CF7F120017741B /* Build configuration list for PBXNativeTarget "TurboDisabler" */ = {
			isa = XCConfigurationList;
			buildConfigurations = (
				77B4CF6629CF7F120017741B /* Debug */,
				77B4CF6729CF7F120017741B /* Release */,
			);
			defaultConfigurationIsVisible = 0;
			defaultConfigurationName = Release;
		};
		77E2BEBB29E3009C00442A6E /* Build configuration list for PBXNativeTarget "TurboDisablerGUI" */ = {
			isa = XCConfigurationList;
			buildConfigurations = (
				77E2BEB929E3009C00442A6E /* Debug */,
				77E2BEBA29E3009C00442A6E /* Release */,
			);
			defaultConfigurationIsVisible = 0;
			defaultConfigurationName = Release;
		};
/* End XCConfigurationList section */
	};
	rootObject = 77B4CF5229CF7F120017741B /* Project object */;
}
